{
  "version": 4,
  "terraform_version": "0.12.10",
  "serial": 4,
  "lineage": "f8036d4c-e6d1-ec82-73dc-c1e088e46ccd",
  "outputs": {
    "google_compute_network_tfer--default_self_link": {
      "value": "https://www.googleapis.com/compute/v1/projects/work1111/global/networks/default",
      "type": "string"
    },
    "google_compute_network_tfer--work-gcp_self_link": {
      "value": "https://www.googleapis.com/compute/v1/projects/work1111/global/networks/work-gcp",
      "type": "string"
    }
  },
  "resources": [
    {
      "mode": "managed",
      "type": "google_compute_network",
      "name": "tfer--default",
      "provider": "provider.google",
      "instances": [
        {
          "schema_version": 0,
          "attributes": {
            "auto_create_subnetworks": true,
            "delete_default_routes_on_create": false,
            "description": "Default network for the project",
            "gateway_ipv4": "",
            "id": "default",
            "ipv4_range": "",
            "name": "default",
            "project": "work1111",
            "routing_mode": "REGIONAL",
            "self_link": "https://www.googleapis.com/compute/v1/projects/work1111/global/networks/default",
            "timeouts": {
              "create": null,
              "delete": null,
              "update": null
            }
          }
        }
      ]
    },
    {
      "mode": "managed",
      "type": "google_compute_network",
      "name": "tfer--work-gcp",
      "provider": "provider.google",
      "instances": [
        {
          "schema_version": 0,
          "attributes": {
            "auto_create_subnetworks": false,
            "delete_default_routes_on_create": false,
            "description": "",
            "gateway_ipv4": "",
            "id": "work-gcp",
            "ipv4_range": "",
            "name": "work-gcp",
            "project": "work1111",
            "routing_mode": "REGIONAL",
            "self_link": "https://www.googleapis.com/compute/v1/projects/work1111/global/networks/work-gcp",
            "timeouts": null
          }
        }
      ]
    }
  ]
}
