{
  "version": 4,
  "terraform_version": "0.12.10",
  "serial": 22,
  "lineage": "cab572e3-0853-7c2f-9ab9-86ab30154b1b",
  "outputs": {},
  "resources": [
    {
      "mode": "managed",
      "type": "google_container_cluster",
      "name": "primary",
      "provider": "provider.google",
      "instances": [
        {
          "schema_version": 1,
          "attributes": {
            "additional_zones": [
              "us-central1-a",
              "us-central1-c",
              "us-central1-f"
            ],
            "addons_config": [
              {
                "horizontal_pod_autoscaling": [],
                "http_load_balancing": [],
                "kubernetes_dashboard": [
                  {
                    "disabled": true
                  }
                ],
                "network_policy_config": [
                  {
                    "disabled": true
                  }
                ]
              }
            ],
            "cluster_autoscaling": [],
            "cluster_ipv4_cidr": "10.52.0.0/14",
            "default_max_pods_per_node": 110,
            "description": "",
            "enable_binary_authorization": null,
            "enable_intranode_visibility": null,
            "enable_kubernetes_alpha": false,
            "enable_legacy_abac": false,
            "enable_tpu": null,
            "endpoint": "34.67.93.53",
            "id": "gke-pubsub-cluster",
            "initial_node_count": 1,
            "instance_group_urls": [],
            "ip_allocation_policy": [],
            "location": "us-central1",
            "logging_service": "logging.googleapis.com",
            "maintenance_policy": [],
            "master_auth": [
              {
                "client_certificate": "",
                "client_certificate_config": [
                  {
                    "issue_client_certificate": false
                  }
                ],
                "client_key": "",
                "cluster_ca_certificate": "LS0tLS1CRUdJTiBDRVJUSUZJQ0FURS0tLS0tCk1JSURERENDQWZTZ0F3SUJBZ0lSQUtVNDlYcFU5SWxydWxBcFZST1pTYTR3RFFZSktvWklodmNOQVFFTEJRQXcKTHpFdE1Dc0dBMVVFQXhNa05HTXlaREEzTmpVdFpXRmtOQzAwTnpVMExXRXpZMll0WXpBMU1HRmtObUptWXpGbQpNQjRYRFRFNU1UQXlOekEyTVRBeU9Gb1hEVEkwTVRBeU5UQTNNVEF5T0Zvd0x6RXRNQ3NHQTFVRUF4TWtOR015ClpEQTNOalV0WldGa05DMDBOelUwTFdFelkyWXRZekExTUdGa05tSm1ZekZtTUlJQklqQU5CZ2txaGtpRzl3MEIKQVFFRkFBT0NBUThBTUlJQkNnS0NBUUVBbmwrNW9keEkxRDMxOWtCS2ZYWTZ1Wnhxc1o5L0cyU0ZtdlQvU3FVTApkc2Ird1o4TllMc3dzaG81U3g3T1hBakhnZDkzYVJFVEdYT2ZmNUpRaTNOKzhGRk91MmlWR2VnWlBGclV1SmpHCnF3WTY1VW0ycCt0aCtTTnhlWUFOMG1zb3pjTkR3c1E1MXY4bnF4aXBDY0hqUlRUeVM1QWV3K1NlOWVvYmNxS3QKNWRrQkl2S3pBekVEQkJBeGM4UGxqL09Xb2RaVEZHeEFPM3FRTWNYS0VqMXBnQnQrL0JXSno1WVJNeEl5b2R3WQo3QmllYy8wWFpQSkdRL1ljRUh3NTV1ekVueTNjd3VUNjFrMzBzZ1F2bWRlZWZ3Z0NmUVdlWUdaaU9DUGF4b055CnpiYmJiQ1QzREx6eW56ZVlDcklid2ZMbGYxU2psRXdrNnBxRnUzY3dGTUVpN3dJREFRQUJveU13SVRBT0JnTlYKSFE4QkFmOEVCQU1DQWdRd0R3WURWUjBUQVFIL0JBVXdBd0VCL3pBTkJna3Foa2lHOXcwQkFRc0ZBQU9DQVFFQQpGVUdKMDZzMTZsZmcvcUVjOWdLeExhQStYNGpNWlN3VnNiMVZqNVNTbU4yS0ZGNUMyVTlwV0NWWDFhVWNTa0tGCldTOVdXaDZ1U1NPdzFudUVDZXZJeFF6ZGsyMThSZ2lSUDlBZ0V5ZE8rK2V6a05TUFhBOXpkL0dySnVsUEg4V3YKN1p3T0JoaDNhY00wbW1TSE1EeWVCNVZEckpLWGdKaXNqNXV6cUJYK05ndlpKeUw5NHQ1L1BmWDhlSDRYVFd4YQpnK3lPQzdHMjZJTEdkZEF3RGNYbStCN1NZZjZkUmlacmJtcUU4NFZUaWhqRjRSOFNTZmExU2ZVVUg3aWlFYTJaCktKbGFYMkU3NUdBbmV6MkxZWFZ3VTBLcGRndXVpZHBlNUZ5TysyL1JxeUk3cldxQUZmUXZSRHN6aC9kVXhUa3kKamFQMUl6RTVjZkRlS3VkLy9HeC93UT09Ci0tLS0tRU5EIENFUlRJRklDQVRFLS0tLS0K",
                "password": "",
                "username": ""
              }
            ],
            "master_authorized_networks_config": [],
            "master_version": "1.13.10-gke.0",
            "min_master_version": null,
            "monitoring_service": "monitoring.googleapis.com",
            "name": "gke-pubsub-cluster",
            "network": "projects/work1111/global/networks/default",
            "network_policy": [
              {
                "enabled": false,
                "provider": "PROVIDER_UNSPECIFIED"
              }
            ],
            "node_config": [],
            "node_locations": [
              "us-central1-a",
              "us-central1-c",
              "us-central1-f"
            ],
            "node_pool": [],
            "node_version": "1.13.10-gke.0",
            "pod_security_policy_config": [],
            "private_cluster_config": [],
            "project": "work1111",
            "region": "us-central1",
            "remove_default_node_pool": true,
            "resource_labels": null,
            "services_ipv4_cidr": "10.55.240.0/20",
            "subnetwork": "projects/work1111/regions/us-central1/subnetworks/default",
            "timeouts": null,
            "zone": null
          },
          "private": "eyJlMmJmYjczMC1lY2FhLTExZTYtOGY4OC0zNDM2M2JjN2M0YzAiOnsiY3JlYXRlIjoxODAwMDAwMDAwMDAwLCJkZWxldGUiOjE4MDAwMDAwMDAwMDAsInVwZGF0ZSI6MzYwMDAwMDAwMDAwMH0sInNjaGVtYV92ZXJzaW9uIjoiMSJ9"
        }
      ]
    },
    {
      "mode": "managed",
      "type": "google_container_node_pool",
      "name": "primary_preemptible_nodes",
      "provider": "provider.google",
      "instances": [
        {
          "schema_version": 1,
          "attributes": {
            "autoscaling": [],
            "cluster": "gke-pubsub-cluster",
            "id": "us-central1/gke-pubsub-cluster/pubsub-node-pool",
            "initial_node_count": 1,
            "instance_group_urls": [
              "https://www.googleapis.com/compute/v1/projects/work1111/zones/us-central1-f/instanceGroupManagers/gke-gke-pubsub-clust-pubsub-node-pool-c828feaa-grp",
              "https://www.googleapis.com/compute/v1/projects/work1111/zones/us-central1-a/instanceGroupManagers/gke-gke-pubsub-clust-pubsub-node-pool-2b0f5858-grp",
              "https://www.googleapis.com/compute/v1/projects/work1111/zones/us-central1-c/instanceGroupManagers/gke-gke-pubsub-clust-pubsub-node-pool-1596cff2-grp"
            ],
            "location": "us-central1",
            "management": [
              {
                "auto_repair": false,
                "auto_upgrade": false
              }
            ],
            "max_pods_per_node": null,
            "name": "pubsub-node-pool",
            "name_prefix": "",
            "node_config": [
              {
                "disk_size_gb": 100,
                "disk_type": "pd-standard",
                "guest_accelerator": [],
                "image_type": "COS",
                "labels": {},
                "local_ssd_count": 0,
                "machine_type": "n1-standard-1",
                "metadata": {
                  "disable-legacy-endpoints": "true"
                },
                "min_cpu_platform": "",
                "oauth_scopes": [
                  "https://www.googleapis.com/auth/devstorage.read_only",
                  "https://www.googleapis.com/auth/logging.write",
                  "https://www.googleapis.com/auth/monitoring"
                ],
                "preemptible": true,
                "sandbox_config": [],
                "service_account": "default",
                "tags": null,
                "taint": [],
                "workload_metadata_config": []
              }
            ],
            "node_count": 1,
            "project": "work1111",
            "region": "us-central1",
            "timeouts": null,
            "version": "1.13.10-gke.0",
            "zone": null
          },
          "private": "eyJlMmJmYjczMC1lY2FhLTExZTYtOGY4OC0zNDM2M2JjN2M0YzAiOnsiY3JlYXRlIjoxODAwMDAwMDAwMDAwLCJkZWxldGUiOjYwMDAwMDAwMDAwMCwidXBkYXRlIjo2MDAwMDAwMDAwMDB9LCJzY2hlbWFfdmVyc2lvbiI6IjEifQ==",
          "depends_on": [
            "google_container_cluster.primary"
          ]
        }
      ]
    }
  ]
}
