{
  "version": 4,
  "terraform_version": "0.12.10",
  "serial": 4,
  "lineage": "cab572e3-0853-7c2f-9ab9-86ab30154b1b",
  "outputs": {},
  "resources": [
    {
      "mode": "managed",
      "type": "google_container_cluster",
      "name": "primary",
      "provider": "provider.google",
      "instances": [
        {
          "schema_version": 1,
          "attributes": {
            "additional_zones": [
              "us-central1-b",
              "us-central1-c",
              "us-central1-f"
            ],
            "addons_config": [
              {
                "horizontal_pod_autoscaling": [],
                "http_load_balancing": [],
                "kubernetes_dashboard": [
                  {
                    "disabled": true
                  }
                ],
                "network_policy_config": [
                  {
                    "disabled": true
                  }
                ]
              }
            ],
            "cluster_autoscaling": [],
            "cluster_ipv4_cidr": "10.12.0.0/14",
            "default_max_pods_per_node": 110,
            "description": "",
            "enable_binary_authorization": null,
            "enable_intranode_visibility": null,
            "enable_kubernetes_alpha": false,
            "enable_legacy_abac": false,
            "enable_tpu": null,
            "endpoint": "35.184.207.124",
            "id": "gle-pubsub-cluster",
            "initial_node_count": 1,
            "instance_group_urls": [],
            "ip_allocation_policy": [],
            "location": "us-central1",
            "logging_service": "logging.googleapis.com",
            "maintenance_policy": [],
            "master_auth": [
              {
                "client_certificate": "",
                "client_certificate_config": [
                  {
                    "issue_client_certificate": false
                  }
                ],
                "client_key": "",
                "cluster_ca_certificate": "LS0tLS1CRUdJTiBDRVJUSUZJQ0FURS0tLS0tCk1JSURERENDQWZTZ0F3SUJBZ0lSQUpBaHBOblhOdkkzM1V2ek16QUs2ejB3RFFZSktvWklodmNOQVFFTEJRQXcKTHpFdE1Dc0dBMVVFQXhNa1pETXpZakZsT1RJdFpqVmxNaTAwTVdFMkxUa3pNakF0WmpaallUQmhZek13TWpZeQpNQjRYRFRFNU1UQXlNekUxTURJek1Gb1hEVEkwTVRBeU1URTJNREl6TUZvd0x6RXRNQ3NHQTFVRUF4TWtaRE16CllqRmxPVEl0WmpWbE1pMDBNV0UyTFRrek1qQXRaalpqWVRCaFl6TXdNall5TUlJQklqQU5CZ2txaGtpRzl3MEIKQVFFRkFBT0NBUThBTUlJQkNnS0NBUUVBbmVlallZYlpVZzcrVE94UGt5bSttOXZwSVpscEltV2I1ZWNYZ2syUgpSVERhNWlsR0p3VDhjb2FQWVlLSFYrSFRZOUgxbVRqZjJFUUVvcm03WEFnbXdVeUNDTnJBTjA3VkFvelo5OHh1Ck5qQlVIcWpZRjdxZ0RQTkR6NzlGVVBneFlrc1JVVS9NVE1YdWxIUEU4L01nLzg2cldMR3ZiMXhmczNkS0psdHMKSThGWlFwOUVIQnIrNE5KYXVBdkNsUDNZUHpydnFyZFh6aUhQUkM1TG9DT1FjS1o1blVCZHkzNWdtQWpMckMrKwpaelN1SHVqMTJlNk9qSW1BSVlnZVN5dm04WTRxVkhhTFpiUHlEODBOMEZMMnZNU09RMEt0NjNOOG04Mm02QSs3CkMxaWE5VDM0RlpSeTkzaEdmSDFwM3diQU5LRHBqTnhxVTcrRkFyRFR6M1hpdHdJREFRQUJveU13SVRBT0JnTlYKSFE4QkFmOEVCQU1DQWdRd0R3WURWUjBUQVFIL0JBVXdBd0VCL3pBTkJna3Foa2lHOXcwQkFRc0ZBQU9DQVFFQQpja3dnUlFPNWhUckVkanZCR2wrV3c4Y05qK1BOemd0d3UrSDgwcjdINWNIMFpTSkt1cG5ZQWNKNzVic2YxSUNDCk8ycitlZ0FBekl0ZGMvbSs0bWtTOE5tUkVGMy9HNTZQZlhpdmw2dlNsVGNBVkZvTEs2S1VmMXNBTW4vT0QrUTkKc09oRTI0dHl2TG5wQXhabVdmc2JhWnVtYlRsWUhPelZhdWgwbVBTRjBsNDBPUDYrY1hnREw3cnZpSk9nMi9NVQpsZndsc2JENHczYnNTM1VvMWlEdnNER3JubXFmQUFQWHFNSnk4eVFYaXF3OGdkNFpkcDNKcWhxTWFYWmdHcG5VClRRZmpxaDIvdGlQR3U5R2EyenIxcVMwZ1BFb2h6a1hhb0t5cExkWmFqL0Fha0pjbzR0WlBHeFBOSmNKVCtnQ2sKSURic0IwWW0rUWpyWnRjSUUrWDFqUT09Ci0tLS0tRU5EIENFUlRJRklDQVRFLS0tLS0K",
                "password": "",
                "username": ""
              }
            ],
            "master_authorized_networks_config": [],
            "master_version": "1.13.10-gke.0",
            "min_master_version": null,
            "monitoring_service": "monitoring.googleapis.com",
            "name": "gle-pubsub-cluster",
            "network": "projects/work1111/global/networks/default",
            "network_policy": [
              {
                "enabled": false,
                "provider": "PROVIDER_UNSPECIFIED"
              }
            ],
            "node_config": [],
            "node_locations": [
              "us-central1-b",
              "us-central1-c",
              "us-central1-f"
            ],
            "node_pool": [],
            "node_version": "1.13.10-gke.0",
            "pod_security_policy_config": [],
            "private_cluster_config": [],
            "project": "work1111",
            "region": "us-central1",
            "remove_default_node_pool": true,
            "resource_labels": null,
            "services_ipv4_cidr": "10.15.240.0/20",
            "subnetwork": "projects/work1111/regions/us-central1/subnetworks/default",
            "timeouts": null,
            "zone": null
          },
          "private": "eyJlMmJmYjczMC1lY2FhLTExZTYtOGY4OC0zNDM2M2JjN2M0YzAiOnsiY3JlYXRlIjoxODAwMDAwMDAwMDAwLCJkZWxldGUiOjE4MDAwMDAwMDAwMDAsInVwZGF0ZSI6MzYwMDAwMDAwMDAwMH0sInNjaGVtYV92ZXJzaW9uIjoiMSJ9"
        }
      ]
    },
    {
      "mode": "managed",
      "type": "google_container_node_pool",
      "name": "primary_preemptible_nodes",
      "provider": "provider.google",
      "instances": [
        {
          "schema_version": 1,
          "attributes": {
            "autoscaling": [],
            "cluster": "gle-pubsub-cluster",
            "id": "us-central1/gle-pubsub-cluster/pubsub-node-pool",
            "initial_node_count": 1,
            "instance_group_urls": [
              "https://www.googleapis.com/compute/v1/projects/work1111/zones/us-central1-f/instanceGroupManagers/gke-gle-pubsub-clust-pubsub-node-pool-db9b3cb2-grp",
              "https://www.googleapis.com/compute/v1/projects/work1111/zones/us-central1-b/instanceGroupManagers/gke-gle-pubsub-clust-pubsub-node-pool-c4236a2e-grp",
              "https://www.googleapis.com/compute/v1/projects/work1111/zones/us-central1-c/instanceGroupManagers/gke-gle-pubsub-clust-pubsub-node-pool-cd816846-grp"
            ],
            "location": "us-central1",
            "management": [
              {
                "auto_repair": false,
                "auto_upgrade": false
              }
            ],
            "max_pods_per_node": null,
            "name": "pubsub-node-pool",
            "name_prefix": "",
            "node_config": [
              {
                "disk_size_gb": 100,
                "disk_type": "pd-standard",
                "guest_accelerator": [],
                "image_type": "COS",
                "labels": {},
                "local_ssd_count": 0,
                "machine_type": "n1-standard-1",
                "metadata": {
                  "disable-legacy-endpoints": "true"
                },
                "min_cpu_platform": "",
                "oauth_scopes": [
                  "https://www.googleapis.com/auth/logging.write",
                  "https://www.googleapis.com/auth/monitoring"
                ],
                "preemptible": true,
                "sandbox_config": [],
                "service_account": "default",
                "tags": null,
                "taint": [],
                "workload_metadata_config": []
              }
            ],
            "node_count": 1,
            "project": "work1111",
            "region": "us-central1",
            "timeouts": null,
            "version": "1.13.10-gke.0",
            "zone": null
          },
          "private": "eyJlMmJmYjczMC1lY2FhLTExZTYtOGY4OC0zNDM2M2JjN2M0YzAiOnsiY3JlYXRlIjoxODAwMDAwMDAwMDAwLCJkZWxldGUiOjYwMDAwMDAwMDAwMCwidXBkYXRlIjo2MDAwMDAwMDAwMDB9LCJzY2hlbWFfdmVyc2lvbiI6IjEifQ==",
          "depends_on": [
            "google_container_cluster.primary"
          ]
        }
      ]
    }
  ]
}
