{
  "version": 4,
  "terraform_version": "0.12.10",
  "serial": 14,
  "lineage": "cab572e3-0853-7c2f-9ab9-86ab30154b1b",
  "outputs": {},
  "resources": [
    {
      "mode": "managed",
      "type": "google_container_cluster",
      "name": "primary",
      "provider": "provider.google",
      "instances": [
        {
          "schema_version": 1,
          "attributes": {
            "additional_zones": [
              "us-central1-a",
              "us-central1-c",
              "us-central1-f"
            ],
            "addons_config": [
              {
                "horizontal_pod_autoscaling": [],
                "http_load_balancing": [],
                "kubernetes_dashboard": [
                  {
                    "disabled": true
                  }
                ],
                "network_policy_config": [
                  {
                    "disabled": true
                  }
                ]
              }
            ],
            "cluster_autoscaling": [],
            "cluster_ipv4_cidr": "10.52.0.0/14",
            "default_max_pods_per_node": 110,
            "description": "",
            "enable_binary_authorization": null,
            "enable_intranode_visibility": null,
            "enable_kubernetes_alpha": false,
            "enable_legacy_abac": false,
            "enable_tpu": null,
            "endpoint": "35.223.1.3",
            "id": "gke-pubsub-cluster",
            "initial_node_count": 1,
            "instance_group_urls": [
              "https://www.googleapis.com/compute/v1/projects/work1111/zones/us-central1-a/instanceGroups/gke-gke-pubsub-clust-pubsub-node-pool-6b1fe54f-grp",
              "https://www.googleapis.com/compute/v1/projects/work1111/zones/us-central1-f/instanceGroups/gke-gke-pubsub-clust-pubsub-node-pool-c82ab3c0-grp",
              "https://www.googleapis.com/compute/v1/projects/work1111/zones/us-central1-c/instanceGroups/gke-gke-pubsub-clust-pubsub-node-pool-19f66396-grp"
            ],
            "ip_allocation_policy": [],
            "location": "us-central1",
            "logging_service": "logging.googleapis.com",
            "maintenance_policy": [],
            "master_auth": [
              {
                "client_certificate": "",
                "client_certificate_config": [
                  {
                    "issue_client_certificate": false
                  }
                ],
                "client_key": "",
                "cluster_ca_certificate": "LS0tLS1CRUdJTiBDRVJUSUZJQ0FURS0tLS0tCk1JSURERENDQWZTZ0F3SUJBZ0lSQU1LNFE0ZEFLSzVQdTZQWHRCRW5zZWd3RFFZSktvWklodmNOQVFFTEJRQXcKTHpFdE1Dc0dBMVVFQXhNa05XRm1PVFUxWmpFdE1EZ3lNQzAwWVRBeExUZzFOek10WXpVMVpHRXdNek16T0RRNQpNQjRYRFRFNU1UQXlOREUwTVRjME5Wb1hEVEkwTVRBeU1qRTFNVGMwTlZvd0x6RXRNQ3NHQTFVRUF4TWtOV0ZtCk9UVTFaakV0TURneU1DMDBZVEF4TFRnMU56TXRZelUxWkdFd016TXpPRFE1TUlJQklqQU5CZ2txaGtpRzl3MEIKQVFFRkFBT0NBUThBTUlJQkNnS0NBUUVBazg4bzl1eFY0VlAvODBMWk5hK016L0lWRnRwZitkdEw0WTlOeVEycApFSklGZzhFa1dzOXF1UUZJQ05vSE1Nam95OUZJWTc2bjhZd29aeFQ2NnFSbFdvaFllUSt1c0NwNkpwTGJUUXVOCjBFSFlEeEdqeGVaSXF4L1E4aWhvcjYzTGdoMUF2ZkhoU2RJRU9ibDV5eEtGdW0wR0xXTnR0NGZ5MWNQZHNmZDAKakZSK1BmYnlzdGxoWDZtM052ei9Sby9McDJFTDhqZHRrdGh2RWZ4NXh4cXVkUXpIQmY0d0paMDkrdDYvbHVyZQpabGZwNGx6N3RQdW1qQWpvWmcvWkk2eGRWSDhPM3RTa1hwdkkrODh6RlZ1dmxEVFpaVnJYSVI4NWs2L1k5dlVyCmVzU040WERnNlFqdWZoUkIzWlZ3dUVYTkVrcGJuNTVFYlY0RVZiNjhqQTFnZXdJREFRQUJveU13SVRBT0JnTlYKSFE4QkFmOEVCQU1DQWdRd0R3WURWUjBUQVFIL0JBVXdBd0VCL3pBTkJna3Foa2lHOXcwQkFRc0ZBQU9DQVFFQQpVVkpYWlZHWVFnVW9YYjlWZGNGdFFPZjNRaXNIYmVWZ29CZ1JBZUI3TWd2Und6RjE1ZURLdmgrYWpBdHh2dVVRCm13bTJFbzI2Q2s1Z3lKZk04N043TDJweGlTM0pabHpER2F6UWpMcHk4Y21ZM2sxaGxIRXFReVp6VXlCSlU5c0EKN2RURVlGL3hUNXFLNnZObzZvNlRYNFdXNnhSb3hVRWJha1VLWklXakhmbm5oNk9YTGQ0eWhxaWJYcUdKQ3BLVApGbzlTYVBhREEwRXdvbVNwME44S0syempETEQ2bjMwUlV2MWZLVkxsUTEwREpjNFBuc2d5eUszZC9YelYrU2FWCnlUWWJjc2dOaklYYW9ubnlScVdhOXphNWpjL1Y4MVdZSllsYjhzRDZSS3ZCQnoxWGpTQ0xXd1ZvMDRtM0gxbFQKTDFGYzJSRllNT3pQRWc1UTVVSmVMZz09Ci0tLS0tRU5EIENFUlRJRklDQVRFLS0tLS0K",
                "password": "",
                "username": ""
              }
            ],
            "master_authorized_networks_config": [],
            "master_version": "1.13.10-gke.0",
            "min_master_version": null,
            "monitoring_service": "monitoring.googleapis.com",
            "name": "gke-pubsub-cluster",
            "network": "projects/work1111/global/networks/default",
            "network_policy": [
              {
                "enabled": false,
                "provider": "PROVIDER_UNSPECIFIED"
              }
            ],
            "node_config": [
              {
                "disk_size_gb": 100,
                "disk_type": "pd-standard",
                "guest_accelerator": [],
                "image_type": "COS",
                "labels": {},
                "local_ssd_count": 0,
                "machine_type": "n1-standard-1",
                "metadata": {
                  "disable-legacy-endpoints": "true"
                },
                "min_cpu_platform": "",
                "oauth_scopes": [
                  "https://www.googleapis.com/auth/logging.write",
                  "https://www.googleapis.com/auth/monitoring"
                ],
                "preemptible": true,
                "sandbox_config": [],
                "service_account": "default",
                "tags": [],
                "taint": [],
                "workload_metadata_config": []
              }
            ],
            "node_locations": [
              "us-central1-a",
              "us-central1-c",
              "us-central1-f"
            ],
            "node_pool": [
              {
                "autoscaling": [],
                "initial_node_count": 1,
                "instance_group_urls": [
                  "https://www.googleapis.com/compute/v1/projects/work1111/zones/us-central1-a/instanceGroupManagers/gke-gke-pubsub-clust-pubsub-node-pool-6b1fe54f-grp",
                  "https://www.googleapis.com/compute/v1/projects/work1111/zones/us-central1-f/instanceGroupManagers/gke-gke-pubsub-clust-pubsub-node-pool-c82ab3c0-grp",
                  "https://www.googleapis.com/compute/v1/projects/work1111/zones/us-central1-c/instanceGroupManagers/gke-gke-pubsub-clust-pubsub-node-pool-19f66396-grp"
                ],
                "management": [
                  {
                    "auto_repair": false,
                    "auto_upgrade": false
                  }
                ],
                "max_pods_per_node": 0,
                "name": "pubsub-node-pool",
                "name_prefix": "",
                "node_config": [
                  {
                    "disk_size_gb": 100,
                    "disk_type": "pd-standard",
                    "guest_accelerator": [],
                    "image_type": "COS",
                    "labels": {},
                    "local_ssd_count": 0,
                    "machine_type": "n1-standard-1",
                    "metadata": {
                      "disable-legacy-endpoints": "true"
                    },
                    "min_cpu_platform": "",
                    "oauth_scopes": [
                      "https://www.googleapis.com/auth/logging.write",
                      "https://www.googleapis.com/auth/monitoring"
                    ],
                    "preemptible": true,
                    "sandbox_config": [],
                    "service_account": "default",
                    "tags": [],
                    "taint": [],
                    "workload_metadata_config": []
                  }
                ],
                "node_count": 1,
                "version": "1.13.10-gke.0"
              }
            ],
            "node_version": "1.13.10-gke.0",
            "pod_security_policy_config": [],
            "private_cluster_config": [],
            "project": "work1111",
            "region": "us-central1",
            "remove_default_node_pool": true,
            "resource_labels": {},
            "services_ipv4_cidr": "10.55.240.0/20",
            "subnetwork": "projects/work1111/regions/us-central1/subnetworks/default",
            "timeouts": null,
            "zone": null
          },
          "private": "eyJlMmJmYjczMC1lY2FhLTExZTYtOGY4OC0zNDM2M2JjN2M0YzAiOnsiY3JlYXRlIjoxODAwMDAwMDAwMDAwLCJkZWxldGUiOjE4MDAwMDAwMDAwMDAsInVwZGF0ZSI6MzYwMDAwMDAwMDAwMH0sInNjaGVtYV92ZXJzaW9uIjoiMSJ9"
        }
      ]
    },
    {
      "mode": "managed",
      "type": "google_container_node_pool",
      "name": "primary_preemptible_nodes",
      "provider": "provider.google",
      "instances": [
        {
          "schema_version": 1,
          "attributes": {
            "autoscaling": [],
            "cluster": "gke-pubsub-cluster",
            "id": "us-central1/gke-pubsub-cluster/pubsub-node-pool",
            "initial_node_count": 1,
            "instance_group_urls": [
              "https://www.googleapis.com/compute/v1/projects/work1111/zones/us-central1-a/instanceGroupManagers/gke-gke-pubsub-clust-pubsub-node-pool-b790bbc8-grp",
              "https://www.googleapis.com/compute/v1/projects/work1111/zones/us-central1-f/instanceGroupManagers/gke-gke-pubsub-clust-pubsub-node-pool-e74615ce-grp",
              "https://www.googleapis.com/compute/v1/projects/work1111/zones/us-central1-c/instanceGroupManagers/gke-gke-pubsub-clust-pubsub-node-pool-52831a89-grp"
            ],
            "location": "us-central1",
            "management": [
              {
                "auto_repair": false,
                "auto_upgrade": false
              }
            ],
            "max_pods_per_node": null,
            "name": "pubsub-node-pool",
            "name_prefix": "",
            "node_config": [
              {
                "disk_size_gb": 100,
                "disk_type": "pd-standard",
                "guest_accelerator": [],
                "image_type": "COS",
                "labels": {},
                "local_ssd_count": 0,
                "machine_type": "n1-standard-1",
                "metadata": {
                  "disable-legacy-endpoints": "true"
                },
                "min_cpu_platform": "",
                "oauth_scopes": [
                  "https://www.googleapis.com/auth/devstorage.read_only",
                  "https://www.googleapis.com/auth/logging.write",
                  "https://www.googleapis.com/auth/monitoring"
                ],
                "preemptible": true,
                "sandbox_config": [],
                "service_account": "default",
                "tags": null,
                "taint": [],
                "workload_metadata_config": []
              }
            ],
            "node_count": 1,
            "project": "work1111",
            "region": "us-central1",
            "timeouts": null,
            "version": "1.13.10-gke.0",
            "zone": null
          },
          "private": "eyJlMmJmYjczMC1lY2FhLTExZTYtOGY4OC0zNDM2M2JjN2M0YzAiOnsiY3JlYXRlIjoxODAwMDAwMDAwMDAwLCJkZWxldGUiOjYwMDAwMDAwMDAwMCwidXBkYXRlIjo2MDAwMDAwMDAwMDB9LCJzY2hlbWFfdmVyc2lvbiI6IjEifQ==",
          "depends_on": [
            "google_container_cluster.primary"
          ]
        }
      ]
    }
  ]
}
